// !$*UTF8*$!
{
	archiveVersion = 1;
	classes = {
	};
	objectVersion = 46;
	objects = {

/* Begin PBXBuildFile section */
		C0BDBE961E4A34110037C942 /* AppDelegate.swift in Sources */ = {isa = PBXBuildFile; fileRef = C0BDBE951E4A34110037C942 /* AppDelegate.swift */; };
		C0BDBE981E4A34110037C942 /* ViewController.swift in Sources */ = {isa = PBXBuildFile; fileRef = C0BDBE971E4A34110037C942 /* ViewController.swift */; };
		C0BDBE9B1E4A34110037C942 /* Main.storyboard in Resources */ = {isa = PBXBuildFile; fileRef = C0BDBE991E4A34110037C942 /* Main.storyboard */; };
		C0BDBE9D1E4A34110037C942 /* Assets.xcassets in Resources */ = {isa = PBXBuildFile; fileRef = C0BDBE9C1E4A34110037C942 /* Assets.xcassets */; };
		C0BDBEA01E4A34110037C942 /* LaunchScreen.storyboard in Resources */ = {isa = PBXBuildFile; fileRef = C0BDBE9E1E4A34110037C942 /* LaunchScreen.storyboard */; };
/* End PBXBuildFile section */

/* Begin PBXFileReference section */
		C0BDBE921E4A34110037C942 /* 3rdplanet.app */ = {isa = PBXFileReference; explicitFileType = wrapper.application; includeInIndex = 0; path = 3rdplanet.app; sourceTree = BUILT_PRODUCTS_DIR; };
		C0BDBE951E4A34110037C942 /* AppDelegate.swift */ = {isa = PBXFileReference; lastKnownFileType = sourcecode.swift; path = AppDelegate.swift; sourceTree = "<group>"; };
		C0BDBE971E4A34110037C942 /* ViewController.swift */ = {isa = PBXFileReference; lastKnownFileType = sourcecode.swift; path = ViewController.swift; sourceTree = "<group>"; };
		C0BDBE9A1E4A34110037C942 /* Base */ = {isa = PBXFileReference; lastKnownFileType = file.storyboard; name = Base; path = Base.lproj/Main.storyboard; sourceTree = "<group>"; };
		C0BDBE9C1E4A34110037C942 /* Assets.xcassets */ = {isa = PBXFileReference; lastKnownFileType = folder.assetcatalog; path = Assets.xcassets; sourceTree = "<group>"; };
		C0BDBE9F1E4A34110037C942 /* Base */ = {isa = PBXFileReference; lastKnownFileType = file.storyboard; name = Base; path = Base.lproj/LaunchScreen.storyboard; sourceTree = "<group>"; };
		C0BDBEA11E4A34110037C942 /* Info.plist */ = {isa = PBXFileReference; lastKnownFileType = text.plist.xml; path = Info.plist; sourceTree = "<group>"; };
/* End PBXFileReference section */

/* Begin PBXFrameworksBuildPhase section */
		C0BDBE8F1E4A34110037C942 /* Frameworks */ = {
			isa = PBXFrameworksBuildPhase;
			buildActionMask = 2147483647;
			files = (
			);
			runOnlyForDeploymentPostprocessing = 0;
		};
/* End PBXFrameworksBuildPhase section */

/* Begin PBXGroup section */
		C0BDBE891E4A34110037C942 = {
			isa = PBXGroup;
			children = (
				C0BDBE941E4A34110037C942 /* 3rdplanet */,
				C0BDBE931E4A34110037C942 /* Products */,
			);
			sourceTree = "<group>";
		};
		C0BDBE931E4A34110037C942 /* Products */ = {
			isa = PBXGroup;
			children = (
				C0BDBE921E4A34110037C942 /* 3rdplanet.app */,
			);
			name = Products;
			sourceTree = "<group>";
		};
		C0BDBE941E4A34110037C942 /* 3rdplanet */ = {
			isa = PBXGroup;
			children = (
				C0BDBE951E4A34110037C942 /* AppDelegate.swift */,
				C0BDBE971E4A34110037C942 /* ViewController.swift */,
				C0BDBE991E4A34110037C942 /* Main.storyboard */,
				C0BDBE9C1E4A34110037C942 /* Assets.xcassets */,
				C0BDBE9E1E4A34110037C942 /* LaunchScreen.storyboard */,
				C0BDBEA11E4A34110037C942 /* Info.plist */,
			);
			path = 3rdplanet;
			sourceTree = "<group>";
		};
/* End PBXGroup section */

/* Begin PBXNativeTarget section */
		C0BDBE911E4A34110037C942 /* 3rdplanet */ = {
			isa = PBXNativeTarget;
			buildConfigurationList = C0BDBEA41E4A34110037C942 /* Build configuration list for PBXNativeTarget "3rdplanet" */;
			buildPhases = (
				C0BDBE8E1E4A34110037C942 /* Sources */,
				C0BDBE8F1E4A34110037C942 /* Frameworks */,
				C0BDBE901E4A34110037C942 /* Resources */,
			);
			buildRules = (
			);
			dependencies = (
			);
			name = 3rdplanet;
			productName = 3rdplanet;
			productReference = C0BDBE921E4A34110037C942 /* 3rdplanet.app */;
			productType = "com.apple.product-type.application";
		};
/* End PBXNativeTarget section */

/* Begin PBXProject section */
		C0BDBE8A1E4A34110037C942 /* Project object */ = {
			isa = PBXProject;
			attributes = {
				LastSwiftUpdateCheck = 0820;
				LastUpgradeCheck = 0820;
				ORGANIZATIONNAME = justzeus;
				TargetAttributes = {
					C0BDBE911E4A34110037C942 = {
						CreatedOnToolsVersion = 8.2.1;
						DevelopmentTeam = J5HBDYC8AZ;
						ProvisioningStyle = Automatic;
					};
				};
			};
			buildConfigurationList = C0BDBE8D1E4A34110037C942 /* Build configuration list for PBXProject "3rdplanet" */;
			compatibilityVersion = "Xcode 3.2";
			developmentRegion = English;
			hasScannedForEncodings = 0;
			knownRegions = (
				en,
				Base,
			);
			mainGroup = C0BDBE891E4A34110037C942;
			productRefGroup = C0BDBE931E4A34110037C942 /* Products */;
			projectDirPath = "";
			projectRoot = "";
			targets = (
				C0BDBE911E4A34110037C942 /* 3rdplanet */,
			);
		};
/* End PBXProject section */

/* Begin PBXResourcesBuildPhase section */
		C0BDBE901E4A34110037C942 /* Resources */ = {
			isa = PBXResourcesBuildPhase;
			buildActionMask = 2147483647;
			files = (
				C0BDBEA01E4A34110037C942 /* LaunchScreen.storyboard in Resources */,
				C0BDBE9D1E4A34110037C942 /* Assets.xcassets in Resources */,
				C0BDBE9B1E4A34110037C942 /* Main.storyboard in Resources */,
			);
			runOnlyForDeploymentPostprocessing = 0;
		};
/* End PBXResourcesBuildPhase section */

/* Begin PBXSourcesBuildPhase section */
		C0BDBE8E1E4A34110037C942 /* Sources */ = {
			isa = PBXSourcesBuildPhase;
			buildActionMask = 2147483647;
			files = (
				C0BDBE981E4A34110037C942 /* ViewController.swift in Sources */,
				C0BDBE961E4A34110037C942 /* AppDelegate.swift in Sources */,
			);
			runOnlyForDeploymentPostprocessing = 0;
		};
/* End PBXSourcesBuildPhase section */

/* Begin PBXVariantGroup section */
		C0BDBE991E4A34110037C942 /* Main.storyboard */ = {
			isa = PBXVariantGroup;
			children = (
				C0BDBE9A1E4A34110037C942 /* Base */,
			);
			name = Main.storyboard;
			sourceTree = "<group>";
		};
		C0BDBE9E1E4A34110037C942 /* LaunchScreen.storyboard */ = {
			isa = PBXVariantGroup;
			children = (
				C0BDBE9F1E4A34110037C942 /* Base */,
			);
			name = LaunchScreen.storyboard;
			sourceTree = "<group>";
		};
/* End PBXVariantGroup section */

/* Begin XCBuildConfiguration section */
		C0BDBEA21E4A34110037C942 /* Debug */ = {
			isa = XCBuildConfiguration;
			buildSettings = {
				ALWAYS_SEARCH_USER_PATHS = NO;
				CLANG_ANALYZER_NONNULL = YES;
				CLANG_CXX_LANGUAGE_STANDARD = "gnu++0x";
				CLANG_CXX_LIBRARY = "libc++";
				CLANG_ENABLE_MODULES = YES;
				CLANG_ENABLE_OBJC_ARC = YES;
				CLANG_WARN_BOOL_CONVERSION = YES;
				CLANG_WARN_CONSTANT_CONVERSION = YES;
				CLANG_WARN_DIRECT_OBJC_ISA_USAGE = YES_ERROR;
				CLANG_WARN_DOCUMENTATION_COMMENTS = YES;
				CLANG_WARN_EMPTY_BODY = YES;
				CLANG_WARN_ENUM_CONVERSION = YES;
				CLANG_WARN_INFINITE_RECURSION = YES;
				CLANG_WARN_INT_CONVERSION = YES;
				CLANG_WARN_OBJC_ROOT_CLASS = YES_ERROR;
				CLANG_WARN_SUSPICIOUS_MOVE = YES;
				CLANG_WARN_UNREACHABLE_CODE = YES;
				CLANG_WARN__DUPLICATE_METHOD_MATCH = YES;
				"CODE_SIGN_IDENTITY[sdk=iphoneos*]" = "iPhone Developer";
				COPY_PHASE_STRIP = NO;
				DEBUG_INFORMATION_FORMAT = dwarf;
				ENABLE_STRICT_OBJC_MSGSEND = YES;
				ENABLE_TESTABILITY = YES;
				GCC_C_LANGUAGE_STANDARD = gnu99;
				GCC_DYNAMIC_NO_PIC = NO;
				GCC_NO_COMMON_BLOCKS = YES;
				GCC_OPTIMIZATION_LEVEL = 0;
				GCC_PREPROCESSOR_DEFINITIONS = (
					"DEBUG=1",
					"$(inherited)",
				);
				GCC_WARN_64_TO_32_BIT_CONVERSION = YES;
				GCC_WARN_ABOUT_RETURN_TYPE = YES_ERROR;
				GCC_WARN_UNDECLARED_SELECTOR = YES;
				GCC_WARN_UNINITIALIZED_AUTOS = YES_AGGRESSIVE;
				GCC_WARN_UNUSED_FUNCTION = YES;
				GCC_WARN_UNUSED_VARIABLE = YES;
				IPHONEOS_DEPLOYMENT_TARGET = 10.2;
				MTL_ENABLE_DEBUG_INFO = YES;
				ONLY_ACTIVE_ARCH = YES;
				SDKROOT = iphoneos;
				SWIFT_ACTIVE_COMPILATION_CONDITIONS = DEBUG;
				SWIFT_OPTIMIZATION_LEVEL = "-Onone";
				TARGETED_DEVICE_FAMILY = "1,2";
			};
			name = Debug;
		};
		C0BDBEA31E4A34110037C942 /* Release */ = {
			isa = XCBuildConfiguration;
			buildSettings = {
				ALWAYS_SEARCH_USER_PATHS = NO;
				CLANG_ANALYZER_NONNULL = YES;
				CLANG_CXX_LANGUAGE_STANDARD = "gnu++0x";
				CLANG_CXX_LIBRARY = "libc++";
				CLANG_ENABLE_MODULES = YES;
				CLANG_ENABLE_OBJC_ARC = YES;
				CLANG_WARN_BOOL_CONVERSION = YES;
				CLANG_WARN_CONSTANT_CONVERSION = YES;
				CLANG_WARN_DIRECT_OBJC_ISA_USAGE = YES_ERROR;
				CLANG_WARN_DOCUMENTATION_COMMENTS = YES;
				CLANG_WARN_EMPTY_BODY = YES;
				CLANG_WARN_ENUM_CONVERSION = YES;
				CLANG_WARN_INFINITE_RECURSION = YES;
				CLANG_WARN_INT_CONVERSION = YES;
				CLANG_WARN_OBJC_ROOT_CLASS = YES_ERROR;
				CLANG_WARN_SUSPICIOUS_MOVE = YES;
				CLANG_WARN_UNREACHABLE_CODE = YES;
				CLANG_WARN__DUPLICATE_METHOD_MATCH = YES;
				"CODE_SIGN_IDENTITY[sdk=iphoneos*]" = "iPhone Developer";
				COPY_PHASE_STRIP = NO;
				DEBUG_INFORMATION_FORMAT = "dwarf-with-dsym";
				ENABLE_NS_ASSERTIONS = NO;
				ENABLE_STRICT_OBJC_MSGSEND = YES;
				GCC_C_LANGUAGE_STANDARD = gnu99;
				GCC_NO_COMMON_BLOCKS = YES;
				GCC_WARN_64_TO_32_BIT_CONVERSION = YES;
				GCC_WARN_ABOUT_RETURN_TYPE = YES_ERROR;
				GCC_WARN_UNDECLARED_SELECTOR = YES;
				GCC_WARN_UNINITIALIZED_AUTOS = YES_AGGRESSIVE;
				GCC_WARN_UNUSED_FUNCTION = YES;
				GCC_WARN_UNUSED_VARIABLE = YES;
				IPHONEOS_DEPLOYMENT_TARGET = 10.2;
				MTL_ENABLE_DEBUG_INFO = NO;
				SDKROOT = iphoneos;
				SWIFT_OPTIMIZATION_LEVEL = "-Owholemodule";
				TARGETED_DEVICE_FAMILY = "1,2";
				VALIDATE_PRODUCT = YES;
			};
			name = Release;
		};
		C0BDBEA51E4A34110037C942 /* Debug */ = {
			isa = XCBuildConfiguration;
			buildSettings = {
				ASSETCATALOG_COMPILER_APPICON_NAME = AppIcon;
				DEVELOPMENT_TEAM = J5HBDYC8AZ;
				INFOPLIST_FILE = 3rdplanet/Info.plist;
				LD_RUNPATH_SEARCH_PATHS = "$(inherited) @executable_path/Frameworks";
				PRODUCT_BUNDLE_IDENTIFIER = "com.justzeus.-rdplanet";
				PRODUCT_NAME = "$(TARGET_NAME)";
				SWIFT_VERSION = 3.0;
			};
			name = Debug;
		};
		C0BDBEA61E4A34110037C942 /* Release */ = {
			isa = XCBuildConfiguration;
			buildSettings = {
				ASSETCATALOG_COMPILER_APPICON_NAME = AppIcon;
				DEVELOPMENT_TEAM = J5HBDYC8AZ;
				INFOPLIST_FILE = 3rdplanet/Info.plist;
				LD_RUNPATH_SEARCH_PATHS = "$(inherited) @executable_path/Frameworks";
				PRODUCT_BUNDLE_IDENTIFIER = "com.justzeus.-rdplanet";
				PRODUCT_NAME = "$(TARGET_NAME)";
				SWIFT_VERSION = 3.0;
			};
			name = Release;
		};
/* End XCBuildConfiguration section */

/* Begin XCConfigurationList section */
		C0BDBE8D1E4A34110037C942 /* Build configuration list for PBXProject "3rdplanet" */ = {
			isa = XCConfigurationList;
			buildConfigurations = (
				C0BDBEA21E4A34110037C942 /* Debug */,
				C0BDBEA31E4A34110037C942 /* Release */,
			);
			defaultConfigurationIsVisible = 0;
			defaultConfigurationName = Release;
		};
		C0BDBEA41E4A34110037C942 /* Build configuration list for PBXNativeTarget "3rdplanet" */ = {
			isa = XCConfigurationList;
			buildConfigurations = (
				C0BDBEA51E4A34110037C942 /* Debug */,
				C0BDBEA61E4A34110037C942 /* Release */,
			);
			defaultConfigurationIsVisible = 0;
		};
/* End XCConfigurationList section */
	};
	rootObject = C0BDBE8A1E4A34110037C942 /* Project object */;
}
